
Microsoft Visual Studio Solution File, Format Version 12.00
# Visual Studio Version 17
VisualStudioVersion = 17.11.35327.3
MinimumVisualStudioVersion = 10.0.40219.1
Project("{FAE04EC0-301F-11D3-BF4B-00C04F79EFBC}") = "DeckSensorTester", "DeckSensorTester\DeckSensorTester.csproj", "{274CA727-0AE2-40B9-AC04-B79053430F81}"
EndProject
Global
	GlobalSection(SolutionConfigurationPlatforms) = preSolution
		Debug|Any CPU = Debug|Any CPU
		Release|Any CPU = Release|Any CPU
	EndGlobalSection
	GlobalSection(ProjectConfigurationPlatforms) = postSolution
		{274CA727-0AE2-40B9-AC04-B79053430F81}.Debug|Any CPU.ActiveCfg = Debug|Any CPU
		{274CA727-0AE2-40B9-AC04-B79053430F81}.Debug|Any CPU.Build.0 = Debug|Any CPU
		{274CA727-0AE2-40B9-AC04-B79053430F81}.Release|Any CPU.ActiveCfg = Release|Any CPU
		{274CA727-0AE2-40B9-AC04-B79053430F81}.Release|Any CPU.Build.0 = Release|Any CPU
	EndGlobalSection
	GlobalSection(SolutionProperties) = preSolution
		HideSolutionNode = FALSE
	EndGlobalSection
	GlobalSection(ExtensibilityGlobals) = postSolution
		SolutionGuid = {BB4EAB85-F90B-4DE0-B62C-BB0EF09D1AD6}
	EndGlobalSection
EndGlobal
